
Microsoft Visual Studio Solution File, Format Version 12.00
# Visual Studio Version 17
VisualStudioVersion = 17.4.33110.190
MinimumVisualStudioVersion = 10.0.40219.1
Project("{FAE04EC0-301F-11D3-BF4B-00C04F79EFBC}") = "Bus_Management", "Bus_Management.csproj", "{9380E53D-7928-48B5-98C6-1861D6503FE8}"
EndProject
Global
	GlobalSection(SolutionConfigurationPlatforms) = preSolution
		Debug|Any CPU = Debug|Any CPU
		Release|Any CPU = Release|Any CPU
	EndGlobalSection
	GlobalSection(ProjectConfigurationPlatforms) = postSolution
		{9380E53D-7928-48B5-98C6-1861D6503FE8}.Debug|Any CPU.ActiveCfg = Debug|Any CPU
		{9380E53D-7928-48B5-98C6-1861D6503FE8}.Debug|Any CPU.Build.0 = Debug|Any CPU
		{9380E53D-7928-48B5-98C6-1861D6503FE8}.Release|Any CPU.ActiveCfg = Release|Any CPU
		{9380E53D-7928-48B5-98C6-1861D6503FE8}.Release|Any CPU.Build.0 = Release|Any CPU
	EndGlobalSection
	GlobalSection(SolutionProperties) = preSolution
		HideSolutionNode = FALSE
	EndGlobalSection
	GlobalSection(ExtensibilityGlobals) = postSolution
		SolutionGuid = {77F592CB-0C14-41EB-BDA7-988421B2AE6C}
	EndGlobalSection
EndGlobal
